
Microsoft Visual Studio Solution File, Format Version 12.00
# Visual Studio Version 17
VisualStudioVersion = 17.9.34902.65
MinimumVisualStudioVersion = 10.0.40219.1
Project("{FAE04EC0-301F-11D3-BF4B-00C04F79EFBC}") = "Mcs.Masar.workflow", "Mcs.Masar.workflow\Mcs.Masar.workflow.csproj", "{600E3BFB-97D0-4C3E-A25F-E21D87082150}"
EndProject
Project("{FAE04EC0-301F-11D3-BF4B-00C04F79EFBC}") = "Mcs.Masar.Documentum", "Mcs.Masar.Documentum\Mcs.Masar.Documentum.csproj", "{9B54555B-8AFF-463C-B185-F97000BCDCE7}"
EndProject
Project("{FAE04EC0-301F-11D3-BF4B-00C04F79EFBC}") = "Mcs.Masar.Jics", "Mcs.Masar.Jics\Mcs.Masar.Jics.csproj", "{2377DFF3-4367-4887-9AD2-56AD82EE3D31}"
EndProject
Global
	GlobalSection(SolutionConfigurationPlatforms) = preSolution
		Debug|Any CPU = Debug|Any CPU
		Release|Any CPU = Release|Any CPU
	EndGlobalSection
	GlobalSection(ProjectConfigurationPlatforms) = postSolution
		{600E3BFB-97D0-4C3E-A25F-E21D87082150}.Debug|Any CPU.ActiveCfg = Debug|Any CPU
		{600E3BFB-97D0-4C3E-A25F-E21D87082150}.Debug|Any CPU.Build.0 = Debug|Any CPU
		{600E3BFB-97D0-4C3E-A25F-E21D87082150}.Release|Any CPU.ActiveCfg = Release|Any CPU
		{600E3BFB-97D0-4C3E-A25F-E21D87082150}.Release|Any CPU.Build.0 = Release|Any CPU
		{9B54555B-8AFF-463C-B185-F97000BCDCE7}.Debug|Any CPU.ActiveCfg = Debug|Any CPU
		{9B54555B-8AFF-463C-B185-F97000BCDCE7}.Debug|Any CPU.Build.0 = Debug|Any CPU
		{9B54555B-8AFF-463C-B185-F97000BCDCE7}.Release|Any CPU.ActiveCfg = Release|Any CPU
		{9B54555B-8AFF-463C-B185-F97000BCDCE7}.Release|Any CPU.Build.0 = Release|Any CPU
		{2377DFF3-4367-4887-9AD2-56AD82EE3D31}.Debug|Any CPU.ActiveCfg = Debug|Any CPU
		{2377DFF3-4367-4887-9AD2-56AD82EE3D31}.Debug|Any CPU.Build.0 = Debug|Any CPU
		{2377DFF3-4367-4887-9AD2-56AD82EE3D31}.Release|Any CPU.ActiveCfg = Release|Any CPU
		{2377DFF3-4367-4887-9AD2-56AD82EE3D31}.Release|Any CPU.Build.0 = Release|Any CPU
	EndGlobalSection
	GlobalSection(SolutionProperties) = preSolution
		HideSolutionNode = FALSE
	EndGlobalSection
	GlobalSection(ExtensibilityGlobals) = postSolution
		SolutionGuid = {8C93E978-154B-4B14-BBAE-40E1ABD99149}
	EndGlobalSection
EndGlobal
